
Microsoft Visual Studio Solution File, Format Version 12.00
# Visual Studio 15
VisualStudioVersion = 15.0.26730.12
MinimumVisualStudioVersion = 15.0.26124.0
Project("{9A19103F-16F7-4668-BE54-9A1E7A4F7556}") = "PdfAutofill", "PdfAutofill\PdfAutofill.csproj", "{7DB473F8-BFD3-457F-A7A6-238ECE8DC12E}"
EndProject
Project("{FAE04EC0-301F-11D3-BF4B-00C04F79EFBC}") = "PdfAutofill.Tests", "PdfAutofill.Tests\PdfAutofill.Tests.csproj", "{4DA09C68-6216-4888-A0D6-79FD7341BB55}"
EndProject
Global
	GlobalSection(SolutionConfigurationPlatforms) = preSolution
		Debug|Any CPU = Debug|Any CPU
		Debug|x64 = Debug|x64
		Debug|x86 = Debug|x86
		Release|Any CPU = Release|Any CPU
		Release|x64 = Release|x64
		Release|x86 = Release|x86
	EndGlobalSection
	GlobalSection(ProjectConfigurationPlatforms) = postSolution
		{7DB473F8-BFD3-457F-A7A6-238ECE8DC12E}.Debug|Any CPU.ActiveCfg = Debug|Any CPU
		{7DB473F8-BFD3-457F-A7A6-238ECE8DC12E}.Debug|Any CPU.Build.0 = Debug|Any CPU
		{7DB473F8-BFD3-457F-A7A6-238ECE8DC12E}.Debug|x64.ActiveCfg = Debug|Any CPU
		{7DB473F8-BFD3-457F-A7A6-238ECE8DC12E}.Debug|x64.Build.0 = Debug|Any CPU
		{7DB473F8-BFD3-457F-A7A6-238ECE8DC12E}.Debug|x86.ActiveCfg = Debug|Any CPU
		{7DB473F8-BFD3-457F-A7A6-238ECE8DC12E}.Debug|x86.Build.0 = Debug|Any CPU
		{7DB473F8-BFD3-457F-A7A6-238ECE8DC12E}.Release|Any CPU.ActiveCfg = Release|Any CPU
		{7DB473F8-BFD3-457F-A7A6-238ECE8DC12E}.Release|Any CPU.Build.0 = Release|Any CPU
		{7DB473F8-BFD3-457F-A7A6-238ECE8DC12E}.Release|x64.ActiveCfg = Release|Any CPU
		{7DB473F8-BFD3-457F-A7A6-238ECE8DC12E}.Release|x64.Build.0 = Release|Any CPU
		{7DB473F8-BFD3-457F-A7A6-238ECE8DC12E}.Release|x86.ActiveCfg = Release|Any CPU
		{7DB473F8-BFD3-457F-A7A6-238ECE8DC12E}.Release|x86.Build.0 = Release|Any CPU
		{4DA09C68-6216-4888-A0D6-79FD7341BB55}.Debug|Any CPU.ActiveCfg = Debug|Any CPU
		{4DA09C68-6216-4888-A0D6-79FD7341BB55}.Debug|Any CPU.Build.0 = Debug|Any CPU
		{4DA09C68-6216-4888-A0D6-79FD7341BB55}.Debug|x64.ActiveCfg = Debug|Any CPU
		{4DA09C68-6216-4888-A0D6-79FD7341BB55}.Debug|x64.Build.0 = Debug|Any CPU
		{4DA09C68-6216-4888-A0D6-79FD7341BB55}.Debug|x86.ActiveCfg = Debug|Any CPU
		{4DA09C68-6216-4888-A0D6-79FD7341BB55}.Debug|x86.Build.0 = Debug|Any CPU
		{4DA09C68-6216-4888-A0D6-79FD7341BB55}.Release|Any CPU.ActiveCfg = Release|Any CPU
		{4DA09C68-6216-4888-A0D6-79FD7341BB55}.Release|Any CPU.Build.0 = Release|Any CPU
		{4DA09C68-6216-4888-A0D6-79FD7341BB55}.Release|x64.ActiveCfg = Release|Any CPU
		{4DA09C68-6216-4888-A0D6-79FD7341BB55}.Release|x64.Build.0 = Release|Any CPU
		{4DA09C68-6216-4888-A0D6-79FD7341BB55}.Release|x86.ActiveCfg = Release|Any CPU
		{4DA09C68-6216-4888-A0D6-79FD7341BB55}.Release|x86.Build.0 = Release|Any CPU
	EndGlobalSection
	GlobalSection(SolutionProperties) = preSolution
		HideSolutionNode = FALSE
	EndGlobalSection
	GlobalSection(ExtensibilityGlobals) = postSolution
		SolutionGuid = {F309FD16-6BC6-4FB8-86FA-1E717D57277F}
	EndGlobalSection
EndGlobal
